
Microsoft Visual Studio Solution File, Format Version 12.00
# Visual Studio Version 16
VisualStudioVersion = 16.0.29728.190
MinimumVisualStudioVersion = 15.0.26124.0
Project("{9A19103F-16F7-4668-BE54-9A1E7A4F7556}") = "Testing.Logging", "src\Testing.Logging\Testing.Logging.csproj", "{D5B2032F-16BE-4280-970A-5CB0B202F85B}"
EndProject
Project("{9A19103F-16F7-4668-BE54-9A1E7A4F7556}") = "Testing.Logging.MSpec", "src\Testing.Logging.MSpec\Testing.Logging.MSpec.csproj", "{D95EF062-174F-4608-8F56-6CA3AAEC3D50}"
EndProject
Global
	GlobalSection(SolutionConfigurationPlatforms) = preSolution
		Debug|Any CPU = Debug|Any CPU
		Debug|x64 = Debug|x64
		Debug|x86 = Debug|x86
		Release|Any CPU = Release|Any CPU
		Release|x64 = Release|x64
		Release|x86 = Release|x86
	EndGlobalSection
	GlobalSection(ProjectConfigurationPlatforms) = postSolution
		{D5B2032F-16BE-4280-970A-5CB0B202F85B}.Debug|Any CPU.ActiveCfg = Debug|Any CPU
		{D5B2032F-16BE-4280-970A-5CB0B202F85B}.Debug|Any CPU.Build.0 = Debug|Any CPU
		{D5B2032F-16BE-4280-970A-5CB0B202F85B}.Debug|x64.ActiveCfg = Debug|Any CPU
		{D5B2032F-16BE-4280-970A-5CB0B202F85B}.Debug|x64.Build.0 = Debug|Any CPU
		{D5B2032F-16BE-4280-970A-5CB0B202F85B}.Debug|x86.ActiveCfg = Debug|Any CPU
		{D5B2032F-16BE-4280-970A-5CB0B202F85B}.Debug|x86.Build.0 = Debug|Any CPU
		{D5B2032F-16BE-4280-970A-5CB0B202F85B}.Release|Any CPU.ActiveCfg = Release|Any CPU
		{D5B2032F-16BE-4280-970A-5CB0B202F85B}.Release|Any CPU.Build.0 = Release|Any CPU
		{D5B2032F-16BE-4280-970A-5CB0B202F85B}.Release|x64.ActiveCfg = Release|Any CPU
		{D5B2032F-16BE-4280-970A-5CB0B202F85B}.Release|x64.Build.0 = Release|Any CPU
		{D5B2032F-16BE-4280-970A-5CB0B202F85B}.Release|x86.ActiveCfg = Release|Any CPU
		{D5B2032F-16BE-4280-970A-5CB0B202F85B}.Release|x86.Build.0 = Release|Any CPU
		{D95EF062-174F-4608-8F56-6CA3AAEC3D50}.Debug|Any CPU.ActiveCfg = Debug|Any CPU
		{D95EF062-174F-4608-8F56-6CA3AAEC3D50}.Debug|Any CPU.Build.0 = Debug|Any CPU
		{D95EF062-174F-4608-8F56-6CA3AAEC3D50}.Debug|x64.ActiveCfg = Debug|Any CPU
		{D95EF062-174F-4608-8F56-6CA3AAEC3D50}.Debug|x64.Build.0 = Debug|Any CPU
		{D95EF062-174F-4608-8F56-6CA3AAEC3D50}.Debug|x86.ActiveCfg = Debug|Any CPU
		{D95EF062-174F-4608-8F56-6CA3AAEC3D50}.Debug|x86.Build.0 = Debug|Any CPU
		{D95EF062-174F-4608-8F56-6CA3AAEC3D50}.Release|Any CPU.ActiveCfg = Release|Any CPU
		{D95EF062-174F-4608-8F56-6CA3AAEC3D50}.Release|Any CPU.Build.0 = Release|Any CPU
		{D95EF062-174F-4608-8F56-6CA3AAEC3D50}.Release|x64.ActiveCfg = Release|Any CPU
		{D95EF062-174F-4608-8F56-6CA3AAEC3D50}.Release|x64.Build.0 = Release|Any CPU
		{D95EF062-174F-4608-8F56-6CA3AAEC3D50}.Release|x86.ActiveCfg = Release|Any CPU
		{D95EF062-174F-4608-8F56-6CA3AAEC3D50}.Release|x86.Build.0 = Release|Any CPU
	EndGlobalSection
	GlobalSection(SolutionProperties) = preSolution
		HideSolutionNode = FALSE
	EndGlobalSection
	GlobalSection(ExtensibilityGlobals) = postSolution
		SolutionGuid = {BBDB1D89-CCBB-4D1B-8A82-4A668F806409}
	EndGlobalSection
EndGlobal
